
Microsoft Visual Studio Solution File, Format Version 12.00
# Visual Studio 2013
VisualStudioVersion = 12.0.30501.0
MinimumVisualStudioVersion = 10.0.40219.1
Project("{F184B08F-C81C-45F6-A57F-5ABD9991F28F}") = "AjaxServerValidationVB.Web", "AjaxServerValidationVB.Web\AjaxServerValidationVB.Web.vbproj", "{B0020AC9-7661-4BBD-925F-3EE3F7B4CF27}"
EndProject
Global
	GlobalSection(SolutionConfigurationPlatforms) = preSolution
		Debug|Any CPU = Debug|Any CPU
		Release|Any CPU = Release|Any CPU
	EndGlobalSection
	GlobalSection(ProjectConfigurationPlatforms) = postSolution
		{B0020AC9-7661-4BBD-925F-3EE3F7B4CF27}.Debug|Any CPU.ActiveCfg = Debug|Any CPU
		{B0020AC9-7661-4BBD-925F-3EE3F7B4CF27}.Debug|Any CPU.Build.0 = Debug|Any CPU
		{B0020AC9-7661-4BBD-925F-3EE3F7B4CF27}.Release|Any CPU.ActiveCfg = Release|Any CPU
		{B0020AC9-7661-4BBD-925F-3EE3F7B4CF27}.Release|Any CPU.Build.0 = Release|Any CPU
	EndGlobalSection
	GlobalSection(SolutionProperties) = preSolution
		HideSolutionNode = FALSE
	EndGlobalSection
EndGlobal
